<?xml version="1.0" encoding="utf-8"?>
<Project ToolsVersion="4.0" xmlns="http://schemas.microsoft.com/developer/msbuild/2003">
  <ItemGroup>
    <Filter Include="Source Files">
      <UniqueIdentifier>{4FC737F1-C7A5-4376-A066-2A32D752A2FF}</UniqueIdentifier>
      <Extensions>cpp;c;cc;cxx;c++;cppm;ixx;def;odl;idl;hpj;bat;asm;asmx</Extensions>
    </Filter>
    <Filter Include="Header Files">
      <UniqueIdentifier>{93995380-89BD-4b04-88EB-625FBE52EBFB}</UniqueIdentifier>
      <Extensions>h;hh;hpp;hxx;h++;hm;inl;inc;ipp;xsd</Extensions>
    </Filter>
    <Filter Include="Resource Files">
      <UniqueIdentifier>{67DA6AB6-F800-4c08-8B7A-83BB121AAD01}</UniqueIdentifier>
      <Extensions>rc;ico;cur;bmp;dlg;rc2;rct;bin;rgs;gif;jpg;jpeg;jpe;resx;tiff;tif;png;wav;mfcribbon-ms</Extensions>
    </Filter>
  </ItemGroup>
  <ItemGroup>
    <ClCompile Include="Main.cpp">
      <Filter>Source Files</Filter>
    </ClCompile>
    <ClCompile Include="Level\GameLevel.cpp">
      <Filter>Source Files</Filter>
    </ClCompile>
    <ClCompile Include="Util\Timer.cpp">
      <Filter>Source Files</Filter>
    </ClCompile>
    <ClCompile Include="Game\Game.cpp">
      <Filter>Source Files</Filter>
    </ClCompile>
    <ClCompile Include="Level\MenuLevel.cpp">
      <Filter>Source Files</Filter>
    </ClCompile>
    <ClCompile Include="Game\GameManager.cpp">
      <Filter>Source Files</Filter>
    </ClCompile>
    <ClCompile Include="World\PongWorld.cpp">
      <Filter>Source Files</Filter>
    </ClCompile>
    <ClCompile Include="World\TileMap.cpp">
      <Filter>Source Files</Filter>
    </ClCompile>
    <ClCompile Include="Actor\Ball.cpp">
      <Filter>Source Files</Filter>
    </ClCompile>
    <ClCompile Include="Actor\Paddle.cpp">
      <Filter>Source Files</Filter>
    </ClCompile>
    <ClCompile Include="Common\Types.cpp">
      <Filter>Source Files</Filter>
    </ClCompile>
    <ClCompile Include="AI\AStarPositioningAI.cpp">
      <Filter>Source Files</Filter>
    </ClCompile>
    <ClCompile Include="Actor\Obstacle.cpp">
      <Filter>Source Files</Filter>
    </ClCompile>
    <ClCompile Include="Actor\PowerUp.cpp">
      <Filter>Source Files</Filter>
    </ClCompile>
    <ClCompile Include="World\SpatialIndex_None.cpp">
      <Filter>Source Files</Filter>
    </ClCompile>
    <ClCompile Include="World\SpatialIndex_QuadtreeAdapter.cpp">
      <Filter>Source Files</Filter>
    </ClCompile>
  </ItemGroup>
  <ItemGroup>
    <ClInclude Include="Level\GameLevel.h">
      <Filter>Header Files</Filter>
    </ClInclude>
    <ClInclude Include="Util\Timer.h">
      <Filter>Header Files</Filter>
    </ClInclude>
    <ClInclude Include="Util\MathUtil.h">
      <Filter>Header Files</Filter>
    </ClInclude>
    <ClInclude Include="Game\Game.h">
      <Filter>Header Files</Filter>
    </ClInclude>
    <ClInclude Include="Level\MenuLevel.h">
      <Filter>Header Files</Filter>
    </ClInclude>
    <ClInclude Include="Game\GameManager.h">
      <Filter>Header Files</Filter>
    </ClInclude>
    <ClInclude Include="Level\BaseLevel.h">
      <Filter>Header Files</Filter>
    </ClInclude>
    <ClInclude Include="World\PongWorld.h">
      <Filter>Header Files</Filter>
    </ClInclude>
    <ClInclude Include="World\TileMap.h">
      <Filter>Header Files</Filter>
    </ClInclude>
    <ClInclude Include="Actor\Ball.h">
      <Filter>Header Files</Filter>
    </ClInclude>
    <ClInclude Include="Actor\Paddle.h">
      <Filter>Header Files</Filter>
    </ClInclude>
    <ClInclude Include="AI\IPaddleAI.h">
      <Filter>Header Files</Filter>
    </ClInclude>
    <ClInclude Include="AI\SimpleTrackerAI.h">
      <Filter>Header Files</Filter>
    </ClInclude>
    <ClInclude Include="AI\AStarPositioningAI.h">
      <Filter>Header Files</Filter>
    </ClInclude>
    <ClInclude Include="Common\Types.h">
      <Filter>Header Files</Filter>
    </ClInclude>
    <ClInclude Include="World\TileTpyes.h">
      <Filter>Header Files</Filter>
    </ClInclude>
    <ClInclude Include="World\PongCollisionTypes.h">
      <Filter>Header Files</Filter>
    </ClInclude>
    <ClInclude Include="Actor\Obstacle.h">
      <Filter>Header Files</Filter>
    </ClInclude>
    <ClInclude Include="Actor\PowerUp.h">
      <Filter>Header Files</Filter>
    </ClInclude>
    <ClInclude Include="World\ISpatialIndex.h">
      <Filter>Header Files</Filter>
    </ClInclude>
    <ClInclude Include="World\SpatialIndex_None.h">
      <Filter>Header Files</Filter>
    </ClInclude>
    <ClInclude Include="World\SpatialIndex_QuadtreeAdapter.h">
      <Filter>Header Files</Filter>
    </ClInclude>
    <ClInclude Include="World\SpatialMath.h">
      <Filter>Header Files</Filter>
    </ClInclude>
  </ItemGroup>
</Project>